// !$*UTF8*$!
{
	archiveVersion = 1;
	classes = {
	};
	objectVersion = 56;
	objects = {

/* Begin PBXBuildFile section */
		C4631F9B28D222480053F66A /* macosApp.swift in Sources */ = {isa = PBXBuildFile; fileRef = C4631F9A28D222480053F66A /* macosApp.swift */; };
		C4631F9D28D222480053F66A /* ContentView.swift in Sources */ = {isa = PBXBuildFile; fileRef = C4631F9C28D222480053F66A /* ContentView.swift */; };
		C4631F9F28D222490053F66A /* Assets.xcassets in Resources */ = {isa = PBXBuildFile; fileRef = C4631F9E28D222490053F66A /* Assets.xcassets */; };
		C4631FA228D222490053F66A /* Preview Assets.xcassets in Resources */ = {isa = PBXBuildFile; fileRef = C4631FA128D222490053F66A /* Preview Assets.xcassets */; };
		C4631FAB28D222830053F66A /* SettingsView.swift in Sources */ = {isa = PBXBuildFile; fileRef = C4631FAA28D222830053F66A /* SettingsView.swift */; };
		C4631FAD28D2228E0053F66A /* ClassesView.swift in Sources */ = {isa = PBXBuildFile; fileRef = C4631FAC28D2228E0053F66A /* ClassesView.swift */; };
		C4A22FA428D56200008D49A3 /* CodeEditor.swift in Sources */ = {isa = PBXBuildFile; fileRef = C4A22FA328D56200008D49A3 /* CodeEditor.swift */; };
		C4A22FA628D56248008D49A3 /* Editor.swift in Sources */ = {isa = PBXBuildFile; fileRef = C4A22FA528D56248008D49A3 /* Editor.swift */; };
		C4A22FAA28D56268008D49A3 /* Terminal.swift in Sources */ = {isa = PBXBuildFile; fileRef = C4A22FA928D56268008D49A3 /* Terminal.swift */; };
		C4A22FAC28D5650B008D49A3 /* KeyPressed.swift in Sources */ = {isa = PBXBuildFile; fileRef = C4A22FAB28D5650B008D49A3 /* KeyPressed.swift */; };
/* End PBXBuildFile section */

/* Begin PBXFileReference section */
		C4631F9728D222480053F66A /* macos.app */ = {isa = PBXFileReference; explicitFileType = wrapper.application; includeInIndex = 0; path = macos.app; sourceTree = BUILT_PRODUCTS_DIR; };
		C4631F9A28D222480053F66A /* macosApp.swift */ = {isa = PBXFileReference; lastKnownFileType = sourcecode.swift; path = macosApp.swift; sourceTree = "<group>"; };
		C4631F9C28D222480053F66A /* ContentView.swift */ = {isa = PBXFileReference; lastKnownFileType = sourcecode.swift; path = ContentView.swift; sourceTree = "<group>"; };
		C4631F9E28D222490053F66A /* Assets.xcassets */ = {isa = PBXFileReference; lastKnownFileType = folder.assetcatalog; path = Assets.xcassets; sourceTree = "<group>"; };
		C4631FA128D222490053F66A /* Preview Assets.xcassets */ = {isa = PBXFileReference; lastKnownFileType = folder.assetcatalog; path = "Preview Assets.xcassets"; sourceTree = "<group>"; };
		C4631FA328D222490053F66A /* macos.entitlements */ = {isa = PBXFileReference; lastKnownFileType = text.plist.entitlements; path = macos.entitlements; sourceTree = "<group>"; };
		C4631FAA28D222830053F66A /* SettingsView.swift */ = {isa = PBXFileReference; lastKnownFileType = sourcecode.swift; path = SettingsView.swift; sourceTree = "<group>"; };
		C4631FAC28D2228E0053F66A /* ClassesView.swift */ = {isa = PBXFileReference; lastKnownFileType = sourcecode.swift; path = ClassesView.swift; sourceTree = "<group>"; };
		C4A22FA328D56200008D49A3 /* CodeEditor.swift */ = {isa = PBXFileReference; lastKnownFileType = sourcecode.swift; path = CodeEditor.swift; sourceTree = "<group>"; };
		C4A22FA528D56248008D49A3 /* Editor.swift */ = {isa = PBXFileReference; lastKnownFileType = sourcecode.swift; path = Editor.swift; sourceTree = "<group>"; };
		C4A22FA928D56268008D49A3 /* Terminal.swift */ = {isa = PBXFileReference; lastKnownFileType = sourcecode.swift; path = Terminal.swift; sourceTree = "<group>"; };
		C4A22FAB28D5650B008D49A3 /* KeyPressed.swift */ = {isa = PBXFileReference; lastKnownFileType = sourcecode.swift; path = KeyPressed.swift; sourceTree = "<group>"; };
/* End PBXFileReference section */

/* Begin PBXFrameworksBuildPhase section */
		C4631F9428D222480053F66A /* Frameworks */ = {
			isa = PBXFrameworksBuildPhase;
			buildActionMask = 2147483647;
			files = (
			);
			runOnlyForDeploymentPostprocessing = 0;
		};
/* End PBXFrameworksBuildPhase section */

/* Begin PBXGroup section */
		C4631F8E28D222480053F66A = {
			isa = PBXGroup;
			children = (
				C4631F9928D222480053F66A /* macos */,
				C4631F9828D222480053F66A /* Products */,
			);
			sourceTree = "<group>";
		};
		C4631F9828D222480053F66A /* Products */ = {
			isa = PBXGroup;
			children = (
				C4631F9728D222480053F66A /* macos.app */,
			);
			name = Products;
			sourceTree = "<group>";
		};
		C4631F9928D222480053F66A /* macos */ = {
			isa = PBXGroup;
			children = (
				C4A22FA728D56257008D49A3 /* Terminal */,
				C4A22FA228D561F3008D49A3 /* CodeEditor */,
				C4631F9E28D222490053F66A /* Assets.xcassets */,
				C4631F9C28D222480053F66A /* ContentView.swift */,
				C4631FA328D222490053F66A /* macos.entitlements */,
				C4631F9A28D222480053F66A /* macosApp.swift */,
				C4631FA028D222490053F66A /* Preview Content */,
				C4631FA928D222780053F66A /* Views */,
			);
			path = macos;
			sourceTree = "<group>";
		};
		C4631FA028D222490053F66A /* Preview Content */ = {
			isa = PBXGroup;
			children = (
				C4631FA128D222490053F66A /* Preview Assets.xcassets */,
			);
			path = "Preview Content";
			sourceTree = "<group>";
		};
		C4631FA928D222780053F66A /* Views */ = {
			isa = PBXGroup;
			children = (
				C4631FAA28D222830053F66A /* SettingsView.swift */,
				C4631FAC28D2228E0053F66A /* ClassesView.swift */,
			);
			path = Views;
			sourceTree = "<group>";
		};
		C4A22FA228D561F3008D49A3 /* CodeEditor */ = {
			isa = PBXGroup;
			children = (
				C4A22FA328D56200008D49A3 /* CodeEditor.swift */,
				C4A22FA528D56248008D49A3 /* Editor.swift */,
			);
			path = CodeEditor;
			sourceTree = "<group>";
		};
		C4A22FA728D56257008D49A3 /* Terminal */ = {
			isa = PBXGroup;
			children = (
				C4A22FA928D56268008D49A3 /* Terminal.swift */,
				C4A22FAB28D5650B008D49A3 /* KeyPressed.swift */,
			);
			path = Terminal;
			sourceTree = "<group>";
		};
/* End PBXGroup section */

/* Begin PBXNativeTarget section */
		C4631F9628D222480053F66A /* macos */ = {
			isa = PBXNativeTarget;
			buildConfigurationList = C4631FA628D222490053F66A /* Build configuration list for PBXNativeTarget "macos" */;
			buildPhases = (
				C4631F9328D222480053F66A /* Sources */,
				C4631F9428D222480053F66A /* Frameworks */,
				C4631F9528D222480053F66A /* Resources */,
			);
			buildRules = (
			);
			dependencies = (
			);
			name = macos;
			productName = macos;
			productReference = C4631F9728D222480053F66A /* macos.app */;
			productType = "com.apple.product-type.application";
		};
/* End PBXNativeTarget section */

/* Begin PBXProject section */
		C4631F8F28D222480053F66A /* Project object */ = {
			isa = PBXProject;
			attributes = {
				BuildIndependentTargetsInParallel = 1;
				LastSwiftUpdateCheck = 1400;
				LastUpgradeCheck = 1400;
				TargetAttributes = {
					C4631F9628D222480053F66A = {
						CreatedOnToolsVersion = 14.0;
					};
				};
			};
			buildConfigurationList = C4631F9228D222480053F66A /* Build configuration list for PBXProject "macos" */;
			compatibilityVersion = "Xcode 14.0";
			developmentRegion = en;
			hasScannedForEncodings = 0;
			knownRegions = (
				en,
				Base,
			);
			mainGroup = C4631F8E28D222480053F66A;
			productRefGroup = C4631F9828D222480053F66A /* Products */;
			projectDirPath = "";
			projectRoot = "";
			targets = (
				C4631F9628D222480053F66A /* macos */,
			);
		};
/* End PBXProject section */

/* Begin PBXResourcesBuildPhase section */
		C4631F9528D222480053F66A /* Resources */ = {
			isa = PBXResourcesBuildPhase;
			buildActionMask = 2147483647;
			files = (
				C4631FA228D222490053F66A /* Preview Assets.xcassets in Resources */,
				C4631F9F28D222490053F66A /* Assets.xcassets in Resources */,
			);
			runOnlyForDeploymentPostprocessing = 0;
		};
/* End PBXResourcesBuildPhase section */

/* Begin PBXSourcesBuildPhase section */
		C4631F9328D222480053F66A /* Sources */ = {
			isa = PBXSourcesBuildPhase;
			buildActionMask = 2147483647;
			files = (
				C4631FAB28D222830053F66A /* SettingsView.swift in Sources */,
				C4A22FA428D56200008D49A3 /* CodeEditor.swift in Sources */,
				C4A22FAC28D5650B008D49A3 /* KeyPressed.swift in Sources */,
				C4631FAD28D2228E0053F66A /* ClassesView.swift in Sources */,
				C4631F9D28D222480053F66A /* ContentView.swift in Sources */,
				C4A22FA628D56248008D49A3 /* Editor.swift in Sources */,
				C4631F9B28D222480053F66A /* macosApp.swift in Sources */,
				C4A22FAA28D56268008D49A3 /* Terminal.swift in Sources */,
			);
			runOnlyForDeploymentPostprocessing = 0;
		};
/* End PBXSourcesBuildPhase section */

/* Begin XCBuildConfiguration section */
		C4631FA428D222490053F66A /* Debug */ = {
			isa = XCBuildConfiguration;
			buildSettings = {
				ALWAYS_SEARCH_USER_PATHS = NO;
				CLANG_ANALYZER_NONNULL = YES;
				CLANG_ANALYZER_NUMBER_OBJECT_CONVERSION = YES_AGGRESSIVE;
				CLANG_CXX_LANGUAGE_STANDARD = "gnu++20";
				CLANG_ENABLE_MODULES = YES;
				CLANG_ENABLE_OBJC_ARC = YES;
				CLANG_ENABLE_OBJC_WEAK = YES;
				CLANG_WARN_BLOCK_CAPTURE_AUTORELEASING = YES;
				CLANG_WARN_BOOL_CONVERSION = YES;
				CLANG_WARN_COMMA = YES;
				CLANG_WARN_CONSTANT_CONVERSION = YES;
				CLANG_WARN_DEPRECATED_OBJC_IMPLEMENTATIONS = YES;
				CLANG_WARN_DIRECT_OBJC_ISA_USAGE = YES_ERROR;
				CLANG_WARN_DOCUMENTATION_COMMENTS = YES;
				CLANG_WARN_EMPTY_BODY = YES;
				CLANG_WARN_ENUM_CONVERSION = YES;
				CLANG_WARN_INFINITE_RECURSION = YES;
				CLANG_WARN_INT_CONVERSION = YES;
				CLANG_WARN_NON_LITERAL_NULL_CONVERSION = YES;
				CLANG_WARN_OBJC_IMPLICIT_RETAIN_SELF = YES;
				CLANG_WARN_OBJC_LITERAL_CONVERSION = YES;
				CLANG_WARN_OBJC_ROOT_CLASS = YES_ERROR;
				CLANG_WARN_QUOTED_INCLUDE_IN_FRAMEWORK_HEADER = YES;
				CLANG_WARN_RANGE_LOOP_ANALYSIS = YES;
				CLANG_WARN_STRICT_PROTOTYPES = YES;
				CLANG_WARN_SUSPICIOUS_MOVE = YES;
				CLANG_WARN_UNGUARDED_AVAILABILITY = YES_AGGRESSIVE;
				CLANG_WARN_UNREACHABLE_CODE = YES;
				CLANG_WARN__DUPLICATE_METHOD_MATCH = YES;
				COPY_PHASE_STRIP = NO;
				DEBUG_INFORMATION_FORMAT = dwarf;
				ENABLE_STRICT_OBJC_MSGSEND = YES;
				ENABLE_TESTABILITY = YES;
				GCC_C_LANGUAGE_STANDARD = gnu11;
				GCC_DYNAMIC_NO_PIC = NO;
				GCC_NO_COMMON_BLOCKS = YES;
				GCC_OPTIMIZATION_LEVEL = 0;
				GCC_PREPROCESSOR_DEFINITIONS = (
					"DEBUG=1",
					"$(inherited)",
				);
				GCC_WARN_64_TO_32_BIT_CONVERSION = YES;
				GCC_WARN_ABOUT_RETURN_TYPE = YES_ERROR;
				GCC_WARN_UNDECLARED_SELECTOR = YES;
				GCC_WARN_UNINITIALIZED_AUTOS = YES_AGGRESSIVE;
				GCC_WARN_UNUSED_FUNCTION = YES;
				GCC_WARN_UNUSED_VARIABLE = YES;
				MACOSX_DEPLOYMENT_TARGET = 12.3;
				MTL_ENABLE_DEBUG_INFO = INCLUDE_SOURCE;
				MTL_FAST_MATH = YES;
				ONLY_ACTIVE_ARCH = YES;
				SDKROOT = macosx;
				SWIFT_ACTIVE_COMPILATION_CONDITIONS = DEBUG;
				SWIFT_OPTIMIZATION_LEVEL = "-Onone";
			};
			name = Debug;
		};
		C4631FA528D222490053F66A /* Release */ = {
			isa = XCBuildConfiguration;
			buildSettings = {
				ALWAYS_SEARCH_USER_PATHS = NO;
				CLANG_ANALYZER_NONNULL = YES;
				CLANG_ANALYZER_NUMBER_OBJECT_CONVERSION = YES_AGGRESSIVE;
				CLANG_CXX_LANGUAGE_STANDARD = "gnu++20";
				CLANG_ENABLE_MODULES = YES;
				CLANG_ENABLE_OBJC_ARC = YES;
				CLANG_ENABLE_OBJC_WEAK = YES;
				CLANG_WARN_BLOCK_CAPTURE_AUTORELEASING = YES;
				CLANG_WARN_BOOL_CONVERSION = YES;
				CLANG_WARN_COMMA = YES;
				CLANG_WARN_CONSTANT_CONVERSION = YES;
				CLANG_WARN_DEPRECATED_OBJC_IMPLEMENTATIONS = YES;
				CLANG_WARN_DIRECT_OBJC_ISA_USAGE = YES_ERROR;
				CLANG_WARN_DOCUMENTATION_COMMENTS = YES;
				CLANG_WARN_EMPTY_BODY = YES;
				CLANG_WARN_ENUM_CONVERSION = YES;
				CLANG_WARN_INFINITE_RECURSION = YES;
				CLANG_WARN_INT_CONVERSION = YES;
				CLANG_WARN_NON_LITERAL_NULL_CONVERSION = YES;
				CLANG_WARN_OBJC_IMPLICIT_RETAIN_SELF = YES;
				CLANG_WARN_OBJC_LITERAL_CONVERSION = YES;
				CLANG_WARN_OBJC_ROOT_CLASS = YES_ERROR;
				CLANG_WARN_QUOTED_INCLUDE_IN_FRAMEWORK_HEADER = YES;
				CLANG_WARN_RANGE_LOOP_ANALYSIS = YES;
				CLANG_WARN_STRICT_PROTOTYPES = YES;
				CLANG_WARN_SUSPICIOUS_MOVE = YES;
				CLANG_WARN_UNGUARDED_AVAILABILITY = YES_AGGRESSIVE;
				CLANG_WARN_UNREACHABLE_CODE = YES;
				CLANG_WARN__DUPLICATE_METHOD_MATCH = YES;
				COPY_PHASE_STRIP = NO;
				DEBUG_INFORMATION_FORMAT = "dwarf-with-dsym";
				ENABLE_NS_ASSERTIONS = NO;
				ENABLE_STRICT_OBJC_MSGSEND = YES;
				GCC_C_LANGUAGE_STANDARD = gnu11;
				GCC_NO_COMMON_BLOCKS = YES;
				GCC_WARN_64_TO_32_BIT_CONVERSION = YES;
				GCC_WARN_ABOUT_RETURN_TYPE = YES_ERROR;
				GCC_WARN_UNDECLARED_SELECTOR = YES;
				GCC_WARN_UNINITIALIZED_AUTOS = YES_AGGRESSIVE;
				GCC_WARN_UNUSED_FUNCTION = YES;
				GCC_WARN_UNUSED_VARIABLE = YES;
				MACOSX_DEPLOYMENT_TARGET = 12.3;
				MTL_ENABLE_DEBUG_INFO = NO;
				MTL_FAST_MATH = YES;
				SDKROOT = macosx;
				SWIFT_COMPILATION_MODE = wholemodule;
				SWIFT_OPTIMIZATION_LEVEL = "-O";
			};
			name = Release;
		};
		C4631FA728D222490053F66A /* Debug */ = {
			isa = XCBuildConfiguration;
			buildSettings = {
				ASSETCATALOG_COMPILER_APPICON_NAME = AppIcon;
				ASSETCATALOG_COMPILER_GLOBAL_ACCENT_COLOR_NAME = AccentColor;
				CODE_SIGN_ENTITLEMENTS = macos/macos.entitlements;
				CODE_SIGN_STYLE = Automatic;
				COMBINE_HIDPI_IMAGES = YES;
				CURRENT_PROJECT_VERSION = 1;
				DEVELOPMENT_ASSET_PATHS = "\"macos/Preview Content\"";
				ENABLE_PREVIEWS = YES;
				GENERATE_INFOPLIST_FILE = YES;
				INFOPLIST_KEY_LSApplicationCategoryType = "public.app-category.developer-tools";
				INFOPLIST_KEY_NSHumanReadableCopyright = "";
				LD_RUNPATH_SEARCH_PATHS = (
					"$(inherited)",
					"@executable_path/../Frameworks",
				);
				MARKETING_VERSION = 1.0;
				PRODUCT_BUNDLE_IDENTIFIER = g.macos;
				PRODUCT_NAME = "$(TARGET_NAME)";
				SWIFT_EMIT_LOC_STRINGS = YES;
				SWIFT_VERSION = 5.0;
			};
			name = Debug;
		};
		C4631FA828D222490053F66A /* Release */ = {
			isa = XCBuildConfiguration;
			buildSettings = {
				ASSETCATALOG_COMPILER_APPICON_NAME = AppIcon;
				ASSETCATALOG_COMPILER_GLOBAL_ACCENT_COLOR_NAME = AccentColor;
				CODE_SIGN_ENTITLEMENTS = macos/macos.entitlements;
				CODE_SIGN_STYLE = Automatic;
				COMBINE_HIDPI_IMAGES = YES;
				CURRENT_PROJECT_VERSION = 1;
				DEVELOPMENT_ASSET_PATHS = "\"macos/Preview Content\"";
				ENABLE_PREVIEWS = YES;
				GENERATE_INFOPLIST_FILE = YES;
				INFOPLIST_KEY_LSApplicationCategoryType = "public.app-category.developer-tools";
				INFOPLIST_KEY_NSHumanReadableCopyright = "";
				LD_RUNPATH_SEARCH_PATHS = (
					"$(inherited)",
					"@executable_path/../Frameworks",
				);
				MARKETING_VERSION = 1.0;
				PRODUCT_BUNDLE_IDENTIFIER = g.macos;
				PRODUCT_NAME = "$(TARGET_NAME)";
				SWIFT_EMIT_LOC_STRINGS = YES;
				SWIFT_VERSION = 5.0;
			};
			name = Release;
		};
/* End XCBuildConfiguration section */

/* Begin XCConfigurationList section */
		C4631F9228D222480053F66A /* Build configuration list for PBXProject "macos" */ = {
			isa = XCConfigurationList;
			buildConfigurations = (
				C4631FA428D222490053F66A /* Debug */,
				C4631FA528D222490053F66A /* Release */,
			);
			defaultConfigurationIsVisible = 0;
			defaultConfigurationName = Release;
		};
		C4631FA628D222490053F66A /* Build configuration list for PBXNativeTarget "macos" */ = {
			isa = XCConfigurationList;
			buildConfigurations = (
				C4631FA728D222490053F66A /* Debug */,
				C4631FA828D222490053F66A /* Release */,
			);
			defaultConfigurationIsVisible = 0;
			defaultConfigurationName = Release;
		};
/* End XCConfigurationList section */
	};
	rootObject = C4631F8F28D222480053F66A /* Project object */;
}
